// !$*UTF8*$!
{
	archiveVersion = 1;
	classes = {
	};
	objectVersion = 56;
	objects = {

/* Begin PBXBuildFile section */
		F75A800E2D6252D000CE8184 /* LOTR_ConverterApp.swift in Sources */ = {isa = PBXBuildFile; fileRef = F75A800D2D6252D000CE8184 /* LOTR_ConverterApp.swift */; };
		F75A80102D6252D000CE8184 /* ContentView.swift in Sources */ = {isa = PBXBuildFile; fileRef = F75A800F2D6252D000CE8184 /* ContentView.swift */; };
		F75A80122D6252D200CE8184 /* Assets.xcassets in Resources */ = {isa = PBXBuildFile; fileRef = F75A80112D6252D200CE8184 /* Assets.xcassets */; };
		F75A80152D6252D200CE8184 /* Preview Assets.xcassets in Resources */ = {isa = PBXBuildFile; fileRef = F75A80142D6252D200CE8184 /* Preview Assets.xcassets */; };
		F75A801F2D6252D200CE8184 /* LOTR_ConverterTests.swift in Sources */ = {isa = PBXBuildFile; fileRef = F75A801E2D6252D200CE8184 /* LOTR_ConverterTests.swift */; };
		F75A80292D6252D200CE8184 /* LOTR_ConverterUITests.swift in Sources */ = {isa = PBXBuildFile; fileRef = F75A80282D6252D200CE8184 /* LOTR_ConverterUITests.swift */; };
		F75A802B2D6252D200CE8184 /* LOTR_ConverterUITestsLaunchTests.swift in Sources */ = {isa = PBXBuildFile; fileRef = F75A802A2D6252D200CE8184 /* LOTR_ConverterUITestsLaunchTests.swift */; };
/* End PBXBuildFile section */

/* Begin PBXContainerItemProxy section */
		F75A801B2D6252D200CE8184 /* PBXContainerItemProxy */ = {
			isa = PBXContainerItemProxy;
			containerPortal = F75A80022D6252D000CE8184 /* Project object */;
			proxyType = 1;
			remoteGlobalIDString = F75A80092D6252D000CE8184;
			remoteInfo = "LOTR Converter";
		};
		F75A80252D6252D200CE8184 /* PBXContainerItemProxy */ = {
			isa = PBXContainerItemProxy;
			containerPortal = F75A80022D6252D000CE8184 /* Project object */;
			proxyType = 1;
			remoteGlobalIDString = F75A80092D6252D000CE8184;
			remoteInfo = "LOTR Converter";
		};
/* End PBXContainerItemProxy section */

/* Begin PBXFileReference section */
		F75A800A2D6252D000CE8184 /* LOTR Converter.app */ = {isa = PBXFileReference; explicitFileType = wrapper.application; includeInIndex = 0; path = "LOTR Converter.app"; sourceTree = BUILT_PRODUCTS_DIR; };
		F75A800D2D6252D000CE8184 /* LOTR_ConverterApp.swift */ = {isa = PBXFileReference; lastKnownFileType = sourcecode.swift; path = LOTR_ConverterApp.swift; sourceTree = "<group>"; };
		F75A800F2D6252D000CE8184 /* ContentView.swift */ = {isa = PBXFileReference; lastKnownFileType = sourcecode.swift; path = ContentView.swift; sourceTree = "<group>"; };
		F75A80112D6252D200CE8184 /* Assets.xcassets */ = {isa = PBXFileReference; lastKnownFileType = folder.assetcatalog; path = Assets.xcassets; sourceTree = "<group>"; };
		F75A80142D6252D200CE8184 /* Preview Assets.xcassets */ = {isa = PBXFileReference; lastKnownFileType = folder.assetcatalog; path = "Preview Assets.xcassets"; sourceTree = "<group>"; };
		F75A801A2D6252D200CE8184 /* LOTR ConverterTests.xctest */ = {isa = PBXFileReference; explicitFileType = wrapper.cfbundle; includeInIndex = 0; path = "LOTR ConverterTests.xctest"; sourceTree = BUILT_PRODUCTS_DIR; };
		F75A801E2D6252D200CE8184 /* LOTR_ConverterTests.swift */ = {isa = PBXFileReference; lastKnownFileType = sourcecode.swift; path = LOTR_ConverterTests.swift; sourceTree = "<group>"; };
		F75A80242D6252D200CE8184 /* LOTR ConverterUITests.xctest */ = {isa = PBXFileReference; explicitFileType = wrapper.cfbundle; includeInIndex = 0; path = "LOTR ConverterUITests.xctest"; sourceTree = BUILT_PRODUCTS_DIR; };
		F75A80282D6252D200CE8184 /* LOTR_ConverterUITests.swift */ = {isa = PBXFileReference; lastKnownFileType = sourcecode.swift; path = LOTR_ConverterUITests.swift; sourceTree = "<group>"; };
		F75A802A2D6252D200CE8184 /* LOTR_ConverterUITestsLaunchTests.swift */ = {isa = PBXFileReference; lastKnownFileType = sourcecode.swift; path = LOTR_ConverterUITestsLaunchTests.swift; sourceTree = "<group>"; };
/* End PBXFileReference section */

/* Begin PBXFrameworksBuildPhase section */
		F75A80072D6252D000CE8184 /* Frameworks */ = {
			isa = PBXFrameworksBuildPhase;
			buildActionMask = 2147483647;
			files = (
			);
			runOnlyForDeploymentPostprocessing = 0;
		};
		F75A80172D6252D200CE8184 /* Frameworks */ = {
			isa = PBXFrameworksBuildPhase;
			buildActionMask = 2147483647;
			files = (
			);
			runOnlyForDeploymentPostprocessing = 0;
		};
		F75A80212D6252D200CE8184 /* Frameworks */ = {
			isa = PBXFrameworksBuildPhase;
			buildActionMask = 2147483647;
			files = (
			);
			runOnlyForDeploymentPostprocessing = 0;
		};
/* End PBXFrameworksBuildPhase section */

/* Begin PBXGroup section */
		F75A80012D6252D000CE8184 = {
			isa = PBXGroup;
			children = (
				F75A800C2D6252D000CE8184 /* LOTR Converter */,
				F75A801D2D6252D200CE8184 /* LOTR ConverterTests */,
				F75A80272D6252D200CE8184 /* LOTR ConverterUITests */,
				F75A800B2D6252D000CE8184 /* Products */,
			);
			sourceTree = "<group>";
		};
		F75A800B2D6252D000CE8184 /* Products */ = {
			isa = PBXGroup;
			children = (
				F75A800A2D6252D000CE8184 /* LOTR Converter.app */,
				F75A801A2D6252D200CE8184 /* LOTR ConverterTests.xctest */,
				F75A80242D6252D200CE8184 /* LOTR ConverterUITests.xctest */,
			);
			name = Products;
			sourceTree = "<group>";
		};
		F75A800C2D6252D000CE8184 /* LOTR Converter */ = {
			isa = PBXGroup;
			children = (
				F75A800D2D6252D000CE8184 /* LOTR_ConverterApp.swift */,
				F75A800F2D6252D000CE8184 /* ContentView.swift */,
				F75A80112D6252D200CE8184 /* Assets.xcassets */,
				F75A80132D6252D200CE8184 /* Preview Content */,
			);
			path = "LOTR Converter";
			sourceTree = "<group>";
		};
		F75A80132D6252D200CE8184 /* Preview Content */ = {
			isa = PBXGroup;
			children = (
				F75A80142D6252D200CE8184 /* Preview Assets.xcassets */,
			);
			path = "Preview Content";
			sourceTree = "<group>";
		};
		F75A801D2D6252D200CE8184 /* LOTR ConverterTests */ = {
			isa = PBXGroup;
			children = (
				F75A801E2D6252D200CE8184 /* LOTR_ConverterTests.swift */,
			);
			path = "LOTR ConverterTests";
			sourceTree = "<group>";
		};
		F75A80272D6252D200CE8184 /* LOTR ConverterUITests */ = {
			isa = PBXGroup;
			children = (
				F75A80282D6252D200CE8184 /* LOTR_ConverterUITests.swift */,
				F75A802A2D6252D200CE8184 /* LOTR_ConverterUITestsLaunchTests.swift */,
			);
			path = "LOTR ConverterUITests";
			sourceTree = "<group>";
		};
/* End PBXGroup section */

/* Begin PBXNativeTarget section */
		F75A80092D6252D000CE8184 /* LOTR Converter */ = {
			isa = PBXNativeTarget;
			buildConfigurationList = F75A802E2D6252D200CE8184 /* Build configuration list for PBXNativeTarget "LOTR Converter" */;
			buildPhases = (
				F75A80062D6252D000CE8184 /* Sources */,
				F75A80072D6252D000CE8184 /* Frameworks */,
				F75A80082D6252D000CE8184 /* Resources */,
			);
			buildRules = (
			);
			dependencies = (
			);
			name = "LOTR Converter";
			productName = "LOTR Converter";
			productReference = F75A800A2D6252D000CE8184 /* LOTR Converter.app */;
			productType = "com.apple.product-type.application";
		};
		F75A80192D6252D200CE8184 /* LOTR ConverterTests */ = {
			isa = PBXNativeTarget;
			buildConfigurationList = F75A80312D6252D200CE8184 /* Build configuration list for PBXNativeTarget "LOTR ConverterTests" */;
			buildPhases = (
				F75A80162D6252D200CE8184 /* Sources */,
				F75A80172D6252D200CE8184 /* Frameworks */,
				F75A80182D6252D200CE8184 /* Resources */,
			);
			buildRules = (
			);
			dependencies = (
				F75A801C2D6252D200CE8184 /* PBXTargetDependency */,
			);
			name = "LOTR ConverterTests";
			productName = "LOTR ConverterTests";
			productReference = F75A801A2D6252D200CE8184 /* LOTR ConverterTests.xctest */;
			productType = "com.apple.product-type.bundle.unit-test";
		};
		F75A80232D6252D200CE8184 /* LOTR ConverterUITests */ = {
			isa = PBXNativeTarget;
			buildConfigurationList = F75A80342D6252D200CE8184 /* Build configuration list for PBXNativeTarget "LOTR ConverterUITests" */;
			buildPhases = (
				F75A80202D6252D200CE8184 /* Sources */,
				F75A80212D6252D200CE8184 /* Frameworks */,
				F75A80222D6252D200CE8184 /* Resources */,
			);
			buildRules = (
			);
			dependencies = (
				F75A80262D6252D200CE8184 /* PBXTargetDependency */,
			);
			name = "LOTR ConverterUITests";
			productName = "LOTR ConverterUITests";
			productReference = F75A80242D6252D200CE8184 /* LOTR ConverterUITests.xctest */;
			productType = "com.apple.product-type.bundle.ui-testing";
		};
/* End PBXNativeTarget section */

/* Begin PBXProject section */
		F75A80022D6252D000CE8184 /* Project object */ = {
			isa = PBXProject;
			attributes = {
				BuildIndependentTargetsInParallel = 1;
				LastSwiftUpdateCheck = 1500;
				LastUpgradeCheck = 1500;
				TargetAttributes = {
					F75A80092D6252D000CE8184 = {
						CreatedOnToolsVersion = 15.0.1;
					};
					F75A80192D6252D200CE8184 = {
						CreatedOnToolsVersion = 15.0.1;
						TestTargetID = F75A80092D6252D000CE8184;
					};
					F75A80232D6252D200CE8184 = {
						CreatedOnToolsVersion = 15.0.1;
						TestTargetID = F75A80092D6252D000CE8184;
					};
				};
			};
			buildConfigurationList = F75A80052D6252D000CE8184 /* Build configuration list for PBXProject "LOTR Converter" */;
			compatibilityVersion = "Xcode 14.0";
			developmentRegion = en;
			hasScannedForEncodings = 0;
			knownRegions = (
				en,
				Base,
			);
			mainGroup = F75A80012D6252D000CE8184;
			productRefGroup = F75A800B2D6252D000CE8184 /* Products */;
			projectDirPath = "";
			projectRoot = "";
			targets = (
				F75A80092D6252D000CE8184 /* LOTR Converter */,
				F75A80192D6252D200CE8184 /* LOTR ConverterTests */,
				F75A80232D6252D200CE8184 /* LOTR ConverterUITests */,
			);
		};
/* End PBXProject section */

/* Begin PBXResourcesBuildPhase section */
		F75A80082D6252D000CE8184 /* Resources */ = {
			isa = PBXResourcesBuildPhase;
			buildActionMask = 2147483647;
			files = (
				F75A80152D6252D200CE8184 /* Preview Assets.xcassets in Resources */,
				F75A80122D6252D200CE8184 /* Assets.xcassets in Resources */,
			);
			runOnlyForDeploymentPostprocessing = 0;
		};
		F75A80182D6252D200CE8184 /* Resources */ = {
			isa = PBXResourcesBuildPhase;
			buildActionMask = 2147483647;
			files = (
			);
			runOnlyForDeploymentPostprocessing = 0;
		};
		F75A80222D6252D200CE8184 /* Resources */ = {
			isa = PBXResourcesBuildPhase;
			buildActionMask = 2147483647;
			files = (
			);
			runOnlyForDeploymentPostprocessing = 0;
		};
/* End PBXResourcesBuildPhase section */

/* Begin PBXSourcesBuildPhase section */
		F75A80062D6252D000CE8184 /* Sources */ = {
			isa = PBXSourcesBuildPhase;
			buildActionMask = 2147483647;
			files = (
				F75A80102D6252D000CE8184 /* ContentView.swift in Sources */,
				F75A800E2D6252D000CE8184 /* LOTR_ConverterApp.swift in Sources */,
			);
			runOnlyForDeploymentPostprocessing = 0;
		};
		F75A80162D6252D200CE8184 /* Sources */ = {
			isa = PBXSourcesBuildPhase;
			buildActionMask = 2147483647;
			files = (
				F75A801F2D6252D200CE8184 /* LOTR_ConverterTests.swift in Sources */,
			);
			runOnlyForDeploymentPostprocessing = 0;
		};
		F75A80202D6252D200CE8184 /* Sources */ = {
			isa = PBXSourcesBuildPhase;
			buildActionMask = 2147483647;
			files = (
				F75A802B2D6252D200CE8184 /* LOTR_ConverterUITestsLaunchTests.swift in Sources */,
				F75A80292D6252D200CE8184 /* LOTR_ConverterUITests.swift in Sources */,
			);
			runOnlyForDeploymentPostprocessing = 0;
		};
/* End PBXSourcesBuildPhase section */

/* Begin PBXTargetDependency section */
		F75A801C2D6252D200CE8184 /* PBXTargetDependency */ = {
			isa = PBXTargetDependency;
			target = F75A80092D6252D000CE8184 /* LOTR Converter */;
			targetProxy = F75A801B2D6252D200CE8184 /* PBXContainerItemProxy */;
		};
		F75A80262D6252D200CE8184 /* PBXTargetDependency */ = {
			isa = PBXTargetDependency;
			target = F75A80092D6252D000CE8184 /* LOTR Converter */;
			targetProxy = F75A80252D6252D200CE8184 /* PBXContainerItemProxy */;
		};
/* End PBXTargetDependency section */

/* Begin XCBuildConfiguration section */
		F75A802C2D6252D200CE8184 /* Debug */ = {
			isa = XCBuildConfiguration;
			buildSettings = {
				ALWAYS_SEARCH_USER_PATHS = NO;
				ASSETCATALOG_COMPILER_GENERATE_SWIFT_ASSET_SYMBOL_EXTENSIONS = YES;
				CLANG_ANALYZER_NONNULL = YES;
				CLANG_ANALYZER_NUMBER_OBJECT_CONVERSION = YES_AGGRESSIVE;
				CLANG_CXX_LANGUAGE_STANDARD = "gnu++20";
				CLANG_ENABLE_MODULES = YES;
				CLANG_ENABLE_OBJC_ARC = YES;
				CLANG_ENABLE_OBJC_WEAK = YES;
				CLANG_WARN_BLOCK_CAPTURE_AUTORELEASING = YES;
				CLANG_WARN_BOOL_CONVERSION = YES;
				CLANG_WARN_COMMA = YES;
				CLANG_WARN_CONSTANT_CONVERSION = YES;
				CLANG_WARN_DEPRECATED_OBJC_IMPLEMENTATIONS = YES;
				CLANG_WARN_DIRECT_OBJC_ISA_USAGE = YES_ERROR;
				CLANG_WARN_DOCUMENTATION_COMMENTS = YES;
				CLANG_WARN_EMPTY_BODY = YES;
				CLANG_WARN_ENUM_CONVERSION = YES;
				CLANG_WARN_INFINITE_RECURSION = YES;
				CLANG_WARN_INT_CONVERSION = YES;
				CLANG_WARN_NON_LITERAL_NULL_CONVERSION = YES;
				CLANG_WARN_OBJC_IMPLICIT_RETAIN_SELF = YES;
				CLANG_WARN_OBJC_LITERAL_CONVERSION = YES;
				CLANG_WARN_OBJC_ROOT_CLASS = YES_ERROR;
				CLANG_WARN_QUOTED_INCLUDE_IN_FRAMEWORK_HEADER = YES;
				CLANG_WARN_RANGE_LOOP_ANALYSIS = YES;
				CLANG_WARN_STRICT_PROTOTYPES = YES;
				CLANG_WARN_SUSPICIOUS_MOVE = YES;
				CLANG_WARN_UNGUARDED_AVAILABILITY = YES_AGGRESSIVE;
				CLANG_WARN_UNREACHABLE_CODE = YES;
				CLANG_WARN__DUPLICATE_METHOD_MATCH = YES;
				COPY_PHASE_STRIP = NO;
				DEBUG_INFORMATION_FORMAT = dwarf;
				ENABLE_STRICT_OBJC_MSGSEND = YES;
				ENABLE_TESTABILITY = YES;
				ENABLE_USER_SCRIPT_SANDBOXING = YES;
				GCC_C_LANGUAGE_STANDARD = gnu17;
				GCC_DYNAMIC_NO_PIC = NO;
				GCC_NO_COMMON_BLOCKS = YES;
				GCC_OPTIMIZATION_LEVEL = 0;
				GCC_PREPROCESSOR_DEFINITIONS = (
					"DEBUG=1",
					"$(inherited)",
				);
				GCC_WARN_64_TO_32_BIT_CONVERSION = YES;
				GCC_WARN_ABOUT_RETURN_TYPE = YES_ERROR;
				GCC_WARN_UNDECLARED_SELECTOR = YES;
				GCC_WARN_UNINITIALIZED_AUTOS = YES_AGGRESSIVE;
				GCC_WARN_UNUSED_FUNCTION = YES;
				GCC_WARN_UNUSED_VARIABLE = YES;
				IPHONEOS_DEPLOYMENT_TARGET = 18.0;
				LOCALIZATION_PREFERS_STRING_CATALOGS = YES;
				MTL_ENABLE_DEBUG_INFO = INCLUDE_SOURCE;
				MTL_FAST_MATH = YES;
				ONLY_ACTIVE_ARCH = YES;
				SDKROOT = iphoneos;
				SWIFT_ACTIVE_COMPILATION_CONDITIONS = "DEBUG $(inherited)";
				SWIFT_OPTIMIZATION_LEVEL = "-Onone";
			};
			name = Debug;
		};
		F75A802D2D6252D200CE8184 /* Release */ = {
			isa = XCBuildConfiguration;
			buildSettings = {
				ALWAYS_SEARCH_USER_PATHS = NO;
				ASSETCATALOG_COMPILER_GENERATE_SWIFT_ASSET_SYMBOL_EXTENSIONS = YES;
				CLANG_ANALYZER_NONNULL = YES;
				CLANG_ANALYZER_NUMBER_OBJECT_CONVERSION = YES_AGGRESSIVE;
				CLANG_CXX_LANGUAGE_STANDARD = "gnu++20";
				CLANG_ENABLE_MODULES = YES;
				CLANG_ENABLE_OBJC_ARC = YES;
				CLANG_ENABLE_OBJC_WEAK = YES;
				CLANG_WARN_BLOCK_CAPTURE_AUTORELEASING = YES;
				CLANG_WARN_BOOL_CONVERSION = YES;
				CLANG_WARN_COMMA = YES;
				CLANG_WARN_CONSTANT_CONVERSION = YES;
				CLANG_WARN_DEPRECATED_OBJC_IMPLEMENTATIONS = YES;
				CLANG_WARN_DIRECT_OBJC_ISA_USAGE = YES_ERROR;
				CLANG_WARN_DOCUMENTATION_COMMENTS = YES;
				CLANG_WARN_EMPTY_BODY = YES;
				CLANG_WARN_ENUM_CONVERSION = YES;
				CLANG_WARN_INFINITE_RECURSION = YES;
				CLANG_WARN_INT_CONVERSION = YES;
				CLANG_WARN_NON_LITERAL_NULL_CONVERSION = YES;
				CLANG_WARN_OBJC_IMPLICIT_RETAIN_SELF = YES;
				CLANG_WARN_OBJC_LITERAL_CONVERSION = YES;
				CLANG_WARN_OBJC_ROOT_CLASS = YES_ERROR;
				CLANG_WARN_QUOTED_INCLUDE_IN_FRAMEWORK_HEADER = YES;
				CLANG_WARN_RANGE_LOOP_ANALYSIS = YES;
				CLANG_WARN_STRICT_PROTOTYPES = YES;
				CLANG_WARN_SUSPICIOUS_MOVE = YES;
				CLANG_WARN_UNGUARDED_AVAILABILITY = YES_AGGRESSIVE;
				CLANG_WARN_UNREACHABLE_CODE = YES;
				CLANG_WARN__DUPLICATE_METHOD_MATCH = YES;
				COPY_PHASE_STRIP = NO;
				DEBUG_INFORMATION_FORMAT = "dwarf-with-dsym";
				ENABLE_NS_ASSERTIONS = NO;
				ENABLE_STRICT_OBJC_MSGSEND = YES;
				ENABLE_USER_SCRIPT_SANDBOXING = YES;
				GCC_C_LANGUAGE_STANDARD = gnu17;
				GCC_NO_COMMON_BLOCKS = YES;
				GCC_WARN_64_TO_32_BIT_CONVERSION = YES;
				GCC_WARN_ABOUT_RETURN_TYPE = YES_ERROR;
				GCC_WARN_UNDECLARED_SELECTOR = YES;
				GCC_WARN_UNINITIALIZED_AUTOS = YES_AGGRESSIVE;
				GCC_WARN_UNUSED_FUNCTION = YES;
				GCC_WARN_UNUSED_VARIABLE = YES;
				IPHONEOS_DEPLOYMENT_TARGET = 18.0;
				LOCALIZATION_PREFERS_STRING_CATALOGS = YES;
				MTL_ENABLE_DEBUG_INFO = NO;
				MTL_FAST_MATH = YES;
				SDKROOT = iphoneos;
				SWIFT_COMPILATION_MODE = wholemodule;
				VALIDATE_PRODUCT = YES;
			};
			name = Release;
		};
		F75A802F2D6252D200CE8184 /* Debug */ = {
			isa = XCBuildConfiguration;
			buildSettings = {
				ASSETCATALOG_COMPILER_APPICON_NAME = AppIcon;
				ASSETCATALOG_COMPILER_GLOBAL_ACCENT_COLOR_NAME = AccentColor;
				CODE_SIGN_STYLE = Automatic;
				CURRENT_PROJECT_VERSION = 1;
				DEVELOPMENT_ASSET_PATHS = "\"LOTR Converter/Preview Content\"";
				DEVELOPMENT_TEAM = TP8LF837KP;
				ENABLE_PREVIEWS = YES;
				GENERATE_INFOPLIST_FILE = YES;
				INFOPLIST_KEY_UIApplicationSceneManifest_Generation = YES;
				INFOPLIST_KEY_UIApplicationSupportsIndirectInputEvents = YES;
				INFOPLIST_KEY_UILaunchScreen_Generation = YES;
				INFOPLIST_KEY_UISupportedInterfaceOrientations_iPad = "UIInterfaceOrientationPortrait UIInterfaceOrientationPortraitUpsideDown UIInterfaceOrientationLandscapeLeft UIInterfaceOrientationLandscapeRight";
				INFOPLIST_KEY_UISupportedInterfaceOrientations_iPhone = "UIInterfaceOrientationPortrait UIInterfaceOrientationLandscapeLeft UIInterfaceOrientationLandscapeRight";
				IPHONEOS_DEPLOYMENT_TARGET = 18.0;
				LD_RUNPATH_SEARCH_PATHS = (
					"$(inherited)",
					"@executable_path/Frameworks",
				);
				MARKETING_VERSION = 1.0;
				PRODUCT_BUNDLE_IDENTIFIER = "com.future.LOTR-Converter";
				PRODUCT_NAME = "$(TARGET_NAME)";
				SWIFT_EMIT_LOC_STRINGS = YES;
				SWIFT_VERSION = 6.0;
				TARGETED_DEVICE_FAMILY = "1,2";
			};
			name = Debug;
		};
		F75A80302D6252D200CE8184 /* Release */ = {
			isa = XCBuildConfiguration;
			buildSettings = {
				ASSETCATALOG_COMPILER_APPICON_NAME = AppIcon;
				ASSETCATALOG_COMPILER_GLOBAL_ACCENT_COLOR_NAME = AccentColor;
				CODE_SIGN_STYLE = Automatic;
				CURRENT_PROJECT_VERSION = 1;
				DEVELOPMENT_ASSET_PATHS = "\"LOTR Converter/Preview Content\"";
				DEVELOPMENT_TEAM = TP8LF837KP;
				ENABLE_PREVIEWS = YES;
				GENERATE_INFOPLIST_FILE = YES;
				INFOPLIST_KEY_UIApplicationSceneManifest_Generation = YES;
				INFOPLIST_KEY_UIApplicationSupportsIndirectInputEvents = YES;
				INFOPLIST_KEY_UILaunchScreen_Generation = YES;
				INFOPLIST_KEY_UISupportedInterfaceOrientations_iPad = "UIInterfaceOrientationPortrait UIInterfaceOrientationPortraitUpsideDown UIInterfaceOrientationLandscapeLeft UIInterfaceOrientationLandscapeRight";
				INFOPLIST_KEY_UISupportedInterfaceOrientations_iPhone = "UIInterfaceOrientationPortrait UIInterfaceOrientationLandscapeLeft UIInterfaceOrientationLandscapeRight";
				IPHONEOS_DEPLOYMENT_TARGET = 18.0;
				LD_RUNPATH_SEARCH_PATHS = (
					"$(inherited)",
					"@executable_path/Frameworks",
				);
				MARKETING_VERSION = 1.0;
				PRODUCT_BUNDLE_IDENTIFIER = "com.future.LOTR-Converter";
				PRODUCT_NAME = "$(TARGET_NAME)";
				SWIFT_EMIT_LOC_STRINGS = YES;
				SWIFT_VERSION = 6.0;
				TARGETED_DEVICE_FAMILY = "1,2";
			};
			name = Release;
		};
		F75A80322D6252D200CE8184 /* Debug */ = {
			isa = XCBuildConfiguration;
			buildSettings = {
				ALWAYS_EMBED_SWIFT_STANDARD_LIBRARIES = YES;
				BUNDLE_LOADER = "$(TEST_HOST)";
				CODE_SIGN_STYLE = Automatic;
				CURRENT_PROJECT_VERSION = 1;
				DEVELOPMENT_TEAM = TP8LF837KP;
				GENERATE_INFOPLIST_FILE = YES;
				IPHONEOS_DEPLOYMENT_TARGET = 17.0;
				MARKETING_VERSION = 1.0;
				PRODUCT_BUNDLE_IDENTIFIER = "com.future.LOTR-ConverterTests";
				PRODUCT_NAME = "$(TARGET_NAME)";
				SWIFT_EMIT_LOC_STRINGS = NO;
				SWIFT_VERSION = 5.0;
				TARGETED_DEVICE_FAMILY = "1,2";
				TEST_HOST = "$(BUILT_PRODUCTS_DIR)/LOTR Converter.app/$(BUNDLE_EXECUTABLE_FOLDER_PATH)/LOTR Converter";
			};
			name = Debug;
		};
		F75A80332D6252D200CE8184 /* Release */ = {
			isa = XCBuildConfiguration;
			buildSettings = {
				ALWAYS_EMBED_SWIFT_STANDARD_LIBRARIES = YES;
				BUNDLE_LOADER = "$(TEST_HOST)";
				CODE_SIGN_STYLE = Automatic;
				CURRENT_PROJECT_VERSION = 1;
				DEVELOPMENT_TEAM = TP8LF837KP;
				GENERATE_INFOPLIST_FILE = YES;
				IPHONEOS_DEPLOYMENT_TARGET = 17.0;
				MARKETING_VERSION = 1.0;
				PRODUCT_BUNDLE_IDENTIFIER = "com.future.LOTR-ConverterTests";
				PRODUCT_NAME = "$(TARGET_NAME)";
				SWIFT_EMIT_LOC_STRINGS = NO;
				SWIFT_VERSION = 5.0;
				TARGETED_DEVICE_FAMILY = "1,2";
				TEST_HOST = "$(BUILT_PRODUCTS_DIR)/LOTR Converter.app/$(BUNDLE_EXECUTABLE_FOLDER_PATH)/LOTR Converter";
			};
			name = Release;
		};
		F75A80352D6252D200CE8184 /* Debug */ = {
			isa = XCBuildConfiguration;
			buildSettings = {
				ALWAYS_EMBED_SWIFT_STANDARD_LIBRARIES = YES;
				CODE_SIGN_STYLE = Automatic;
				CURRENT_PROJECT_VERSION = 1;
				DEVELOPMENT_TEAM = TP8LF837KP;
				GENERATE_INFOPLIST_FILE = YES;
				MARKETING_VERSION = 1.0;
				PRODUCT_BUNDLE_IDENTIFIER = "com.future.LOTR-ConverterUITests";
				PRODUCT_NAME = "$(TARGET_NAME)";
				SWIFT_EMIT_LOC_STRINGS = NO;
				SWIFT_VERSION = 5.0;
				TARGETED_DEVICE_FAMILY = "1,2";
				TEST_TARGET_NAME = "LOTR Converter";
			};
			name = Debug;
		};
		F75A80362D6252D200CE8184 /* Release */ = {
			isa = XCBuildConfiguration;
			buildSettings = {
				ALWAYS_EMBED_SWIFT_STANDARD_LIBRARIES = YES;
				CODE_SIGN_STYLE = Automatic;
				CURRENT_PROJECT_VERSION = 1;
				DEVELOPMENT_TEAM = TP8LF837KP;
				GENERATE_INFOPLIST_FILE = YES;
				MARKETING_VERSION = 1.0;
				PRODUCT_BUNDLE_IDENTIFIER = "com.future.LOTR-ConverterUITests";
				PRODUCT_NAME = "$(TARGET_NAME)";
				SWIFT_EMIT_LOC_STRINGS = NO;
				SWIFT_VERSION = 5.0;
				TARGETED_DEVICE_FAMILY = "1,2";
				TEST_TARGET_NAME = "LOTR Converter";
			};
			name = Release;
		};
/* End XCBuildConfiguration section */

/* Begin XCConfigurationList section */
		F75A80052D6252D000CE8184 /* Build configuration list for PBXProject "LOTR Converter" */ = {
			isa = XCConfigurationList;
			buildConfigurations = (
				F75A802C2D6252D200CE8184 /* Debug */,
				F75A802D2D6252D200CE8184 /* Release */,
			);
			defaultConfigurationIsVisible = 0;
			defaultConfigurationName = Release;
		};
		F75A802E2D6252D200CE8184 /* Build configuration list for PBXNativeTarget "LOTR Converter" */ = {
			isa = XCConfigurationList;
			buildConfigurations = (
				F75A802F2D6252D200CE8184 /* Debug */,
				F75A80302D6252D200CE8184 /* Release */,
			);
			defaultConfigurationIsVisible = 0;
			defaultConfigurationName = Release;
		};
		F75A80312D6252D200CE8184 /* Build configuration list for PBXNativeTarget "LOTR ConverterTests" */ = {
			isa = XCConfigurationList;
			buildConfigurations = (
				F75A80322D6252D200CE8184 /* Debug */,
				F75A80332D6252D200CE8184 /* Release */,
			);
			defaultConfigurationIsVisible = 0;
			defaultConfigurationName = Release;
		};
		F75A80342D6252D200CE8184 /* Build configuration list for PBXNativeTarget "LOTR ConverterUITests" */ = {
			isa = XCConfigurationList;
			buildConfigurations = (
				F75A80352D6252D200CE8184 /* Debug */,
				F75A80362D6252D200CE8184 /* Release */,
			);
			defaultConfigurationIsVisible = 0;
			defaultConfigurationName = Release;
		};
/* End XCConfigurationList section */
	};
	rootObject = F75A80022D6252D000CE8184 /* Project object */;
}
